github.com/go-sql-driver/mysql v1.6.0 h1:BCTh4TKNUYmOmMUcQ3IipzF5prigylS7XXjEkfCHuOE=
github.com/go-sql-driver/mysql v1.6.0/go.mod h1:DCzpHaOWr8IXmIStZouvnhqoel9Qv2LBy8hT2VhHyBg=
upper.io/db.v3 v3.8.0+incompatible h1:XNeEO2vQRVqq70M98ghzq6M30F5Bzo+99ess5v+eVYw=
upper.io/db.v3 v3.8.0+incompatible/go.mod h1:FgTdD24eBjJAbPKsQSiHUNgXjOR4Lub3u1UMHSIh82Y=
